# Feed commits resolved on 2026-09-08 for LibWrt 0fd5daca.
nss_packages=0d970dbf0185e3f53709bd803e8a466598023c57
sqm_scripts_nss=4b4ed8639229be5e70cf94b73cdf7dbc09e66d5d
packages=84bd86384928955b568988ca0e09e2c78c75173d
luci=d6167ea0645cbd1327708d85f94824f42d0eb872
routing=e49d76035aafb85ddc993b59271d8c7ba56b5362
telephony=2618106d5846a4a542fdf5809f0d3ed228ce439b
video=094bf58da6682f895255a35a84349a79dab4bf95
